
Microsoft Visual Studio Solution File, Format Version 12.00
# Visual Studio Version 17
VisualStudioVersion = 17.6.33829.357
MinimumVisualStudioVersion = 10.0.40219.1
Project("{FAE04EC0-301F-11D3-BF4B-00C04F79EFBC}") = "DOTNET-JWT", "DOTNET-JWT.csproj", "{431219F3-EC10-4D76-9F51-347D5151C64B}"
EndProject
Global
	GlobalSection(SolutionConfigurationPlatforms) = preSolution
		Debug|Any CPU = Debug|Any CPU
		Release|Any CPU = Release|Any CPU
	EndGlobalSection
	GlobalSection(ProjectConfigurationPlatforms) = postSolution
		{431219F3-EC10-4D76-9F51-347D5151C64B}.Debug|Any CPU.ActiveCfg = Debug|Any CPU
		{431219F3-EC10-4D76-9F51-347D5151C64B}.Debug|Any CPU.Build.0 = Debug|Any CPU
		{431219F3-EC10-4D76-9F51-347D5151C64B}.Release|Any CPU.ActiveCfg = Release|Any CPU
		{431219F3-EC10-4D76-9F51-347D5151C64B}.Release|Any CPU.Build.0 = Release|Any CPU
	EndGlobalSection
	GlobalSection(SolutionProperties) = preSolution
		HideSolutionNode = FALSE
	EndGlobalSection
	GlobalSection(ExtensibilityGlobals) = postSolution
		SolutionGuid = {4D3A9E24-1C1D-48BB-B632-9E66DDDB6A5B}
	EndGlobalSection
EndGlobal
