
Microsoft Visual Studio Solution File, Format Version 12.00
# Visual Studio Version 17
VisualStudioVersion = 17.6.33829.357
MinimumVisualStudioVersion = 10.0.40219.1
Project("{FAE04EC0-301F-11D3-BF4B-00C04F79EFBC}") = "Dot Net WebApi", "Dot Net WebApi.csproj", "{7713CEF7-6F41-4B84-8B3F-4197CA406841}"
EndProject
Global
	GlobalSection(SolutionConfigurationPlatforms) = preSolution
		Debug|Any CPU = Debug|Any CPU
		Release|Any CPU = Release|Any CPU
	EndGlobalSection
	GlobalSection(ProjectConfigurationPlatforms) = postSolution
		{7713CEF7-6F41-4B84-8B3F-4197CA406841}.Debug|Any CPU.ActiveCfg = Debug|Any CPU
		{7713CEF7-6F41-4B84-8B3F-4197CA406841}.Debug|Any CPU.Build.0 = Debug|Any CPU
		{7713CEF7-6F41-4B84-8B3F-4197CA406841}.Release|Any CPU.ActiveCfg = Release|Any CPU
		{7713CEF7-6F41-4B84-8B3F-4197CA406841}.Release|Any CPU.Build.0 = Release|Any CPU
	EndGlobalSection
	GlobalSection(SolutionProperties) = preSolution
		HideSolutionNode = FALSE
	EndGlobalSection
	GlobalSection(ExtensibilityGlobals) = postSolution
		SolutionGuid = {89370E9A-4ABB-45D9-A942-4068A2C623E4}
	EndGlobalSection
EndGlobal
